{
  "name": "chat-app",
  "lockfileVersion": 3,
  "requires": true,
  "packages": {
    "": {
      "dependencies": {
        "@arcjet/inspect": "^1.0.0-beta.11",
        "@arcjet/node": "^1.0.0-beta.11"
      }
    },
    "node_modules/@arcjet/analyze": {
      "version": "1.0.0-beta.11",
      "resolved": "https://registry.npmjs.org/@arcjet/analyze/-/analyze-1.0.0-beta.11.tgz",
      "integrity": "sha512-zTgn0ZIAzZxrdhk021F66pkPnl9buYtqFTYwQf2oYrWBx/7nPiVc1WfBdrCmg7J+3PXsft/1U7F+rZ5WIkWl2w==",
      "license": "Apache-2.0",
      "dependencies": {
        "@arcjet/analyze-wasm": "1.0.0-beta.11",
        "@arcjet/protocol": "1.0.0-beta.11"
      },
      "engines": {
        "node": ">=18"
      }
    },
    "node_modules/@arcjet/analyze-wasm": {
      "version": "1.0.0-beta.11",
      "resolved": "https://registry.npmjs.org/@arcjet/analyze-wasm/-/analyze-wasm-1.0.0-beta.11.tgz",
      "integrity": "sha512-lxVrVpdvDlVgziaxeBf6w1hwPODd3yxFpGMDL60CpQ5CNjGwyQbszKOCmOMylBRwJl73Sgy+NaUC053u34Od+g==",
      "license": "Apache-2.0",
      "engines": {
        "node": ">=18"
      }
    },
    "node_modules/@arcjet/body": {
      "version": "1.0.0-beta.11",
      "resolved": "https://registry.npmjs.org/@arcjet/body/-/body-1.0.0-beta.11.tgz",
      "integrity": "sha512-FU6x6Q0wqCRlzydPBqGZ9GhaAokuCwL3TRSPAwUnj/v9Q+buIqi/WyUtZqaFLSgZvhXolxXbtOVIRsPcBytPdA==",
      "license": "Apache-2.0",
      "engines": {
        "node": ">=18"
      }
    },
    "node_modules/@arcjet/cache": {
      "version": "1.0.0-beta.11",
      "resolved": "https://registry.npmjs.org/@arcjet/cache/-/cache-1.0.0-beta.11.tgz",
      "integrity": "sha512-rTonYNEO39WeCuip+pPEFow2Yhh8wFuO2f2+hrLzJrPjYGVUefMsC6Ztiw1QnpNFhtgRo8/5Y6PUCX8TkzI28w==",
      "license": "Apache-2.0",
      "engines": {
        "node": ">=18"
      }
    },
    "node_modules/@arcjet/duration": {
      "version": "1.0.0-beta.11",
      "resolved": "https://registry.npmjs.org/@arcjet/duration/-/duration-1.0.0-beta.11.tgz",
      "integrity": "sha512-OTYVqB4TZvtwxE6ANm+ohT+QDyLPOKEfd/N9F5svDUdzPgQjMI2tsvxeJU7X7of5ieCflxV0FqRE77vacQOhEA==",
      "license": "Apache-2.0",
      "engines": {
        "node": ">=18"
      }
    },
    "node_modules/@arcjet/env": {
      "version": "1.0.0-beta.11",
      "resolved": "https://registry.npmjs.org/@arcjet/env/-/env-1.0.0-beta.11.tgz",
      "integrity": "sha512-+XSA3cJu1AiqQaqVmM2W8Lwx8NVcXF/JkAou0EJncmAZHQMp9MKtbW7AD+agGn8Kj4BXf+gQu/JY/2stlZVMuA==",
      "license": "Apache-2.0",
      "engines": {
        "node": ">=18"
      }
    },
    "node_modules/@arcjet/headers": {
      "version": "1.0.0-beta.11",
      "resolved": "https://registry.npmjs.org/@arcjet/headers/-/headers-1.0.0-beta.11.tgz",
      "integrity": "sha512-HaxkYcWOP/aDzJ278LwdQLZl48QL+FyKH0OYGe04Rx0ikOXxtOVVQmXWGR7qQ9LwbrAh7wNPENCZa/uMR0K0kg==",
      "license": "Apache-2.0",
      "engines": {
        "node": ">=18"
      }
    },
    "node_modules/@arcjet/inspect": {
      "version": "1.0.0-beta.11",
      "resolved": "https://registry.npmjs.org/@arcjet/inspect/-/inspect-1.0.0-beta.11.tgz",
      "integrity": "sha512-uSlE9SsnC6akkhvKpFHQIkKRpDI/e+nd62hZWMbpC5nOa2E2bIWwWyg8ow301Vd1Ii5IRyouOQv1aoyZ5qeuVw==",
      "license": "Apache-2.0",
      "dependencies": {
        "@arcjet/protocol": "1.0.0-beta.11"
      },
      "engines": {
        "node": ">=18"
      }
    },
    "node_modules/@arcjet/ip": {
      "version": "1.0.0-beta.11",
      "resolved": "https://registry.npmjs.org/@arcjet/ip/-/ip-1.0.0-beta.11.tgz",
      "integrity": "sha512-QzPMeZIIs2N2HWxuecD0izCvFwLJuksOnepVcc+lY5VA0hGbSyqmV/tmdo+m9rWIOeUKOEyDtqzmf6DmDvc1UQ==",
      "license": "Apache-2.0",
      "engines": {
        "node": ">=18"
      }
    },
    "node_modules/@arcjet/logger": {
      "version": "1.0.0-beta.11",
      "resolved": "https://registry.npmjs.org/@arcjet/logger/-/logger-1.0.0-beta.11.tgz",
      "integrity": "sha512-BiakFsStqU4Uqng81tl50RPVzzTRDrQt7ldyxFpbuSN0AdNfcUuJ3BQsfFYLKbHBRScScrkH7vWJQJ0D//vPZA==",
      "license": "Apache-2.0",
      "dependencies": {
        "@arcjet/sprintf": "1.0.0-beta.11"
      },
      "engines": {
        "node": ">=18"
      }
    },
    "node_modules/@arcjet/node": {
      "version": "1.0.0-beta.11",
      "resolved": "https://registry.npmjs.org/@arcjet/node/-/node-1.0.0-beta.11.tgz",
      "integrity": "sha512-UfomTCyj1KHhvWo7Dno4I4Cbmiyt14MGJrjaVURbxQ7BjXU4H45P6BfHM4r8KN0QbQ51hux1MdqLEEnI2SvIVg==",
      "license": "Apache-2.0",
      "dependencies": {
        "@arcjet/body": "1.0.0-beta.11",
        "@arcjet/env": "1.0.0-beta.11",
        "@arcjet/headers": "1.0.0-beta.11",
        "@arcjet/ip": "1.0.0-beta.11",
        "@arcjet/logger": "1.0.0-beta.11",
        "@arcjet/protocol": "1.0.0-beta.11",
        "@arcjet/transport": "1.0.0-beta.11",
        "arcjet": "1.0.0-beta.11"
      },
      "engines": {
        "node": ">=18"
      }
    },
    "node_modules/@arcjet/protocol": {
      "version": "1.0.0-beta.11",
      "resolved": "https://registry.npmjs.org/@arcjet/protocol/-/protocol-1.0.0-beta.11.tgz",
      "integrity": "sha512-3iM95zO0+3jD9oZxl09XOGALNs7SQu7jInhGxYaBmYxcFCYHMQYumMmSbTl1sKkIKiLVX4KrpVVgDarTm2Chtw==",
      "license": "Apache-2.0",
      "dependencies": {
        "@arcjet/cache": "1.0.0-beta.11",
        "@bufbuild/protobuf": "1.10.1",
        "@connectrpc/connect": "1.6.1",
        "typeid-js": "1.2.0"
      },
      "engines": {
        "node": ">=18"
      }
    },
    "node_modules/@arcjet/runtime": {
      "version": "1.0.0-beta.11",
      "resolved": "https://registry.npmjs.org/@arcjet/runtime/-/runtime-1.0.0-beta.11.tgz",
      "integrity": "sha512-zKLKUNRyFFKBpK4l5+hENRWMGCSQBpn26bUs2QffxRJBMSQ/+Q20EsDODcgigA9TzfYD9KkPfi+CXhyfAV0KQg==",
      "license": "Apache-2.0",
      "engines": {
        "node": ">=18"
      }
    },
    "node_modules/@arcjet/sprintf": {
      "version": "1.0.0-beta.11",
      "resolved": "https://registry.npmjs.org/@arcjet/sprintf/-/sprintf-1.0.0-beta.11.tgz",
      "integrity": "sha512-gRZYtl8isK2GbXYKX9hGzZet05bvoFk2OLmLrFk2oVyNMny0p4Sga7/kEwTkssIIwk+pWECGDvW9ZfRpMMEjsw==",
      "license": "Apache-2.0",
      "engines": {
        "node": ">=18"
      }
    },
    "node_modules/@arcjet/stable-hash": {
      "version": "1.0.0-beta.11",
      "resolved": "https://registry.npmjs.org/@arcjet/stable-hash/-/stable-hash-1.0.0-beta.11.tgz",
      "integrity": "sha512-ohZdMZrG42BAoq6bJFX7ZIJJCFXmZBKMNLcVCE9R21Vg4xT/mOzKS2QmwXTF8egv1uC0pG65pfeVJPzAhSD3og==",
      "license": "Apache-2.0",
      "engines": {
        "node": ">=18"
      }
    },
    "node_modules/@arcjet/transport": {
      "version": "1.0.0-beta.11",
      "resolved": "https://registry.npmjs.org/@arcjet/transport/-/transport-1.0.0-beta.11.tgz",
      "integrity": "sha512-L2KkHlC6La8LDJ+x9UmO5xJZWfchVIKAki8yhxhLJSEODADgbec2SybF9+8sW+wj04kJRX1L0QUn5nhaeCip5Q==",
      "license": "Apache-2.0",
      "dependencies": {
        "@bufbuild/protobuf": "1.10.1",
        "@connectrpc/connect": "1.6.1",
        "@connectrpc/connect-node": "1.6.1",
        "@connectrpc/connect-web": "1.6.1"
      },
      "engines": {
        "node": ">=18"
      }
    },
    "node_modules/@bufbuild/protobuf": {
      "version": "1.10.1",
      "resolved": "https://registry.npmjs.org/@bufbuild/protobuf/-/protobuf-1.10.1.tgz",
      "integrity": "sha512-wJ8ReQbHxsAfXhrf9ixl0aYbZorRuOWpBNzm8pL8ftmSxQx/wnJD5Eg861NwJU/czy2VXFIebCeZnZrI9rktIQ==",
      "license": "(Apache-2.0 AND BSD-3-Clause)"
    },
    "node_modules/@connectrpc/connect": {
      "version": "1.6.1",
      "resolved": "https://registry.npmjs.org/@connectrpc/connect/-/connect-1.6.1.tgz",
      "integrity": "sha512-KchMDNtU4CDTdkyf0qG7ugJ6qHTOR/aI7XebYn3OTCNagaDYWiZUVKgRgwH79yeMkpNgvEUaXSK7wKjaBK9b/Q==",
      "license": "Apache-2.0",
      "peerDependencies": {
        "@bufbuild/protobuf": "^1.10.0"
      }
    },
    "node_modules/@connectrpc/connect-node": {
      "version": "1.6.1",
      "resolved": "https://registry.npmjs.org/@connectrpc/connect-node/-/connect-node-1.6.1.tgz",
      "integrity": "sha512-DxcD1wsF/aX9GegjAtl7VbpiZNjVJozy87VbaFoN6AF0Ln1Q757r5dgV59Gz0wmlk5f17txUsrEr1f2inlnnAg==",
      "license": "Apache-2.0",
      "dependencies": {
        "undici": "^5.28.4"
      },
      "engines": {
        "node": ">=16.0.0"
      },
      "peerDependencies": {
        "@bufbuild/protobuf": "^1.10.0",
        "@connectrpc/connect": "1.6.1"
      }
    },
    "node_modules/@connectrpc/connect-web": {
      "version": "1.6.1",
      "resolved": "https://registry.npmjs.org/@connectrpc/connect-web/-/connect-web-1.6.1.tgz",
      "integrity": "sha512-GVfxQOmt3TtgTaKeXLS/EA2IHa3nHxwe2BCHT7X0Q/0hohM+nP5DDnIItGEjGrGdt3LTTqWqE4s70N4h+qIMlQ==",
      "license": "Apache-2.0",
      "peerDependencies": {
        "@bufbuild/protobuf": "^1.10.0",
        "@connectrpc/connect": "1.6.1"
      }
    },
    "node_modules/@fastify/busboy": {
      "version": "2.1.1",
      "resolved": "https://registry.npmjs.org/@fastify/busboy/-/busboy-2.1.1.tgz",
      "integrity": "sha512-vBZP4NlzfOlerQTnba4aqZoMhE/a9HY7HRqoOPaETQcSQuWEIyZMHGfVu6w9wGtGK5fED5qRs2DteVCjOH60sA==",
      "license": "MIT",
      "engines": {
        "node": ">=14"
      }
    },
    "node_modules/arcjet": {
      "version": "1.0.0-beta.11",
      "resolved": "https://registry.npmjs.org/arcjet/-/arcjet-1.0.0-beta.11.tgz",
      "integrity": "sha512-90xQULcm1j6/EiANbn2eN/3Wvo0lLI9c8zUGrrnf8HEF3r3I95N2I7iuCZ02IY8kJ4JfI0oqwKPtHLiOhks+CQ==",
      "license": "Apache-2.0",
      "dependencies": {
        "@arcjet/analyze": "1.0.0-beta.11",
        "@arcjet/cache": "1.0.0-beta.11",
        "@arcjet/duration": "1.0.0-beta.11",
        "@arcjet/headers": "1.0.0-beta.11",
        "@arcjet/protocol": "1.0.0-beta.11",
        "@arcjet/runtime": "1.0.0-beta.11",
        "@arcjet/stable-hash": "1.0.0-beta.11"
      },
      "engines": {
        "node": ">=18"
      }
    },
    "node_modules/typeid-js": {
      "version": "1.2.0",
      "resolved": "https://registry.npmjs.org/typeid-js/-/typeid-js-1.2.0.tgz",
      "integrity": "sha512-t76ZucAnvGC60ea/HjVsB0TSoB0cw9yjnfurUgtInXQWUI/VcrlZGpO23KN3iSe8yOGUgb1zr7W7uEzJ3hSljA==",
      "license": "Apache-2.0",
      "dependencies": {
        "uuid": "^10.0.0"
      }
    },
    "node_modules/undici": {
      "version": "5.29.0",
      "resolved": "https://registry.npmjs.org/undici/-/undici-5.29.0.tgz",
      "integrity": "sha512-raqeBD6NQK4SkWhQzeYKd1KmIG6dllBOTt55Rmkt4HtI9mwdWtJljnrXjAFUBLTSN67HWrOIZ3EPF4kjUw80Bg==",
      "license": "MIT",
      "dependencies": {
        "@fastify/busboy": "^2.0.0"
      },
      "engines": {
        "node": ">=14.0"
      }
    },
    "node_modules/uuid": {
      "version": "10.0.0",
      "resolved": "https://registry.npmjs.org/uuid/-/uuid-10.0.0.tgz",
      "integrity": "sha512-8XkAphELsDnEGrDxUOHB3RGvXz6TeuYSGEZBOjtTtPm2lwhGBjLgOzLHB63IUWfBpNucQjND6d3AOudO+H3RWQ==",
      "funding": [
        "https://github.com/sponsors/broofa",
        "https://github.com/sponsors/ctavan"
      ],
      "license": "MIT",
      "bin": {
        "uuid": "dist/bin/uuid"
      }
    }
  }
}
